{
  "name": "GenerateContext2.0",
  "version": "1.0.0",
  "lockfileVersion": 1,
  "requires": true,
  "dependencies": {
    "qrcode-generator": {
      "version": "1.4.4",
      "resolved": "https://registry.npmjs.org/qrcode-generator/-/qrcode-generator-1.4.4.tgz",
      "integrity": "sha512-HM7yY8O2ilqhmULxGMpcHSF1EhJJ9yBj8gvDEuZ6M+KGJ0YY2hKpnXvRD+hZPLrDVck3ExIGhmPtSdcjC+guuw=="
    },
    "spinal-core-connectorjs": {
      "version": "git+https://github.com/spinalcom/spinal-core-connectorjs.git#c1b17a8d36ccd989f6b89c9f33e9cbdb4e28f173",
      "from": "git+https://github.com/spinalcom/spinal-core-connectorjs.git",
      "requires": {
        "xhr2": "^0.1.3"
      }
    },
    "spinal-core-connectorjs_type": {
      "version": "git+https://github.com/spinalcom/spinal-core-connectorjs_type.git#080c4a5e2744f4af5406496773413b6b2661107b",
      "from": "git+https://github.com/spinalcom/spinal-core-connectorjs_type.git",
      "requires": {
        "spinal-core-connectorjs": "git+https://github.com/spinalcom/spinal-core-connectorjs.git"
      }
    },
    "spinal-env-viewer-bim-manager-service": {
      "version": "git+https://github.com/spinalcom/spinal-env-viewer-bim-manager-service.git#2011ce99e9f21814e151fed9454851db638c12d3",
      "from": "git+https://github.com/spinalcom/spinal-env-viewer-bim-manager-service.git"
    },
    "spinal-env-viewer-context-menu-service": {
      "version": "git+https://github.com/spinalcom/spinal-env-viewer-context-menu-service.git#e2696e6203dac9bbcaa31b36509f6a811fe81345",
      "from": "git+https://github.com/spinalcom/spinal-env-viewer-context-menu-service.git"
    },
    "spinal-env-viewer-graph-service": {
      "version": "git+https://github.com/spinalcom/Spinal-Graph-Service.git#1ecec17bc770725d03a64ed4d39f990df875db41",
      "from": "git+https://github.com/spinalcom/Spinal-Graph-Service.git",
      "requires": {
        "qrcode-generator": "^1.4.1",
        "spinal-core-connectorjs_type": "git+https://github.com/spinalcom/spinal-core-connectorjs_type.git",
        "spinal-model-graph": "git+https://github.com/spinalcom/spinal-model-graph.git"
      }
    },
    "spinal-env-viewer-panel-manager-service": {
      "version": "git+https://github.com/spinalcom/spinal-env-viewer-panel-manager-service.git#98d918a6a56d58c4fb03de457af40bc25eb2f8b9",
      "from": "git+https://github.com/spinalcom/spinal-env-viewer-panel-manager-service.git"
    },
    "spinal-env-viewer-panel-manager-service_spinalforgeextention": {
      "version": "git+https://github.com/spinalcom/spinal-env-viewer-panel-manager-service_spinalforgeextention.git#637dd751c03367108a482bff63166e24ae787832",
      "from": "git+https://github.com/spinalcom/spinal-env-viewer-panel-manager-service_spinalforgeextention.git",
      "requires": {
        "spinal-env-viewer-panel-manager-service": "git+https://github.com/spinalcom/spinal-env-viewer-panel-manager-service.git"
      }
    },
    "spinal-model-graph": {
      "version": "git+https://github.com/spinalcom/spinal-model-graph.git#ad9f0ef59472003edd1ab08acf67cd4610f8f600",
      "from": "git+https://github.com/spinalcom/spinal-model-graph.git",
      "requires": {
        "spinal-core-connectorjs_type": "git+https://github.com/spinalcom/spinal-core-connectorjs_type.git"
      }
    },
    "spinal-spatial-referential": {
      "version": "file:../spinal-spatial-referential",
      "requires": {
        "spinal-env-viewer-context-geographic-service": "git+https://github.com/spinalcom/spinal-env-viewer-context-geographic-service.git",
        "spinal-env-viewer-graph-service": "git+https://github.com/spinalcom/Spinal-Graph-Service.git",
        "spinal-env-viewer-plugin-documentation-service": "git+https://github.com/spinalcom/spinal-env-viewer-plugin-documentation-service.git"
      },
      "dependencies": {
        "@types/forge-viewer": {
          "version": "7.0.1",
          "resolved": "https://registry.npmjs.org/@types/forge-viewer/-/forge-viewer-7.0.1.tgz",
          "integrity": "sha512-lLhWlFQlz3ttayQmkYCdLObR7HyKnrR1vxaazZ2uV43mA5B4z1zOO02Ibmsg21QPobXAngL0wf76IXpptsSGxw==",
          "requires": {
            "@types/three": "^0.93.30"
          },
          "dependencies": {
            "@types/three": {
              "version": "0.93.31",
              "resolved": "https://registry.npmjs.org/@types/three/-/three-0.93.31.tgz",
              "integrity": "sha512-lR9eLY3gnrUDAdW4ujITgVTPEv1Oy2yoL3LlfKAnjQuzyjGSR+PvQuXuWmaDCD1IyWhkqbnol1nJwaW0MGe35A=="
            }
          }
        },
        "@types/three": {
          "version": "0.103.2",
          "resolved": "https://registry.npmjs.org/@types/three/-/three-0.103.2.tgz",
          "integrity": "sha512-zhtf0Qs5wLJpIn1+VWCpzSgpKayj/GSWZ6woiuz09FW59KEDeLpnBkYz6lbblVpRmGdlnG8nd0unaASshOvcXw==",
          "requires": {
            "three": "*"
          }
        },
        "clamp": {
          "version": "1.0.1",
          "resolved": "https://registry.npmjs.org/clamp/-/clamp-1.0.1.tgz",
          "integrity": "sha1-ZqDmQBGBbjcZaCj9yMjBRzEshjQ="
        },
        "lodash.throttle": {
          "version": "4.1.1",
          "resolved": "https://registry.npmjs.org/lodash.throttle/-/lodash.throttle-4.1.1.tgz",
          "integrity": "sha1-wj6RtxAkKscMN/HhzaknTMOb8vQ="
        },
        "material-colors": {
          "version": "1.2.6",
          "resolved": "https://registry.npmjs.org/material-colors/-/material-colors-1.2.6.tgz",
          "integrity": "sha512-6qE4B9deFBIa9YSpOc9O0Sgc43zTeVYbgDT5veRKSlB2+ZuHNoVVxA1L/ckMUayV9Ay9y7Z/SZCLcGteW9i7bg=="
        },
        "qrcode-generator": {
          "version": "1.4.4",
          "resolved": "https://registry.npmjs.org/qrcode-generator/-/qrcode-generator-1.4.4.tgz",
          "integrity": "sha512-HM7yY8O2ilqhmULxGMpcHSF1EhJJ9yBj8gvDEuZ6M+KGJ0YY2hKpnXvRD+hZPLrDVck3ExIGhmPtSdcjC+guuw=="
        },
        "scrollparent": {
          "version": "2.0.1",
          "resolved": "https://registry.npmjs.org/scrollparent/-/scrollparent-2.0.1.tgz",
          "integrity": "sha1-cV1bnMV3YPsivczDvvtb/gaxoxc="
        },
        "spinal-core-connectorjs": {
          "version": "git+https://github.com/spinalcom/spinal-core-connectorjs.git#c1b17a8d36ccd989f6b89c9f33e9cbdb4e28f173",
          "from": "git+https://github.com/spinalcom/spinal-core-connectorjs.git",
          "requires": {
            "xhr2": "^0.1.3"
          }
        },
        "spinal-core-connectorjs_type": {
          "version": "git+https://github.com/spinalcom/spinal-core-connectorjs_type.git#080c4a5e2744f4af5406496773413b6b2661107b",
          "from": "git+https://github.com/spinalcom/spinal-core-connectorjs_type.git",
          "requires": {
            "spinal-core-connectorjs": "git+https://github.com/spinalcom/spinal-core-connectorjs.git"
          }
        },
        "spinal-env-viewer-bim-manager-service": {
          "version": "git+https://github.com/spinalcom/spinal-env-viewer-bim-manager-service.git#2011ce99e9f21814e151fed9454851db638c12d3",
          "from": "git+https://github.com/spinalcom/spinal-env-viewer-bim-manager-service.git"
        },
        "spinal-env-viewer-context-geographic-service": {
          "version": "git+https://github.com/spinalcom/spinal-env-viewer-context-geographic-service.git#50627e9e6b5535e7344304127432a9931a8059e7",
          "from": "git+https://github.com/spinalcom/spinal-env-viewer-context-geographic-service.git",
          "requires": {
            "spinal-env-viewer-graph-service": "git+https://github.com/spinalcom/Spinal-Graph-Service.git",
            "spinal-env-viewer-plugin-bimobjectservice": "git+https://github.com/spinalcom/spinal-env-viewer-plugin-bimobjectservice.git",
            "spinal-models-building-elements": "git+https://github.com/spinalcom/spinal-models-building-elements.git"
          }
        },
        "spinal-env-viewer-context-menu-service": {
          "version": "git+https://github.com/spinalcom/spinal-env-viewer-context-menu-service.git#e2696e6203dac9bbcaa31b36509f6a811fe81345",
          "from": "git+https://github.com/spinalcom/spinal-env-viewer-context-menu-service.git"
        },
        "spinal-env-viewer-graph-service": {
          "version": "git+https://github.com/spinalcom/Spinal-Graph-Service.git#1ecec17bc770725d03a64ed4d39f990df875db41",
          "from": "git+https://github.com/spinalcom/Spinal-Graph-Service.git",
          "requires": {
            "qrcode-generator": "^1.4.1",
            "spinal-core-connectorjs_type": "git+https://github.com/spinalcom/spinal-core-connectorjs_type.git",
            "spinal-model-graph": "git+https://github.com/spinalcom/spinal-model-graph.git"
          }
        },
        "spinal-env-viewer-plugin-bimobjectservice": {
          "version": "git+https://github.com/spinalcom/spinal-env-viewer-plugin-bimobjectservice.git#4318628a1d3a795df6eaa2c920508e0c0ae6a23b",
          "from": "git+https://github.com/spinalcom/spinal-env-viewer-plugin-bimobjectservice.git",
          "requires": {
            "spinal-env-viewer-graph-service": "git+https://github.com/spinalcom/Spinal-Graph-Service.git",
            "spinal-models-bimobject": "git+https://github.com/spinalcom/spinal-models-bimobject.git",
            "vue": "^2.0.1"
          }
        },
        "spinal-env-viewer-plugin-documentation-service": {
          "version": "git+https://github.com/spinalcom/spinal-env-viewer-plugin-documentation-service.git#a0e10137676698c7c24a2116480b6a1c08477ffe",
          "from": "git+https://github.com/spinalcom/spinal-env-viewer-plugin-documentation-service.git",
          "requires": {
            "spinal-env-viewer-graph-service": "git+https://github.com/spinalcom/Spinal-Graph-Service.git",
            "spinal-env-viewer-plugin-bimobjectservice": "git+https://github.com/spinalcom/spinal-env-viewer-plugin-bimobjectservice.git",
            "spinal-env-viewer-room-manager": "git+https://github.com/spinalcom/spinal-env-viewer-room-manager.git",
            "spinal-models-documentation": "git+https://github.com/spinalcom/spinal-models-cde.git",
            "vue": "^2.0.1"
          }
        },
        "spinal-env-viewer-room-manager": {
          "version": "git+https://github.com/spinalcom/spinal-env-viewer-room-manager.git#e2d8d5bc2502529c96518d02eda3897a1c2ae4e5",
          "from": "git+https://github.com/spinalcom/spinal-env-viewer-room-manager.git",
          "requires": {
            "spinal-env-viewer-bim-manager-service": "git+https://github.com/spinalcom/spinal-env-viewer-bim-manager-service.git",
            "spinal-env-viewer-context-geographic-service": "git+https://github.com/spinalcom/spinal-env-viewer-context-geographic-service.git",
            "spinal-env-viewer-context-menu-service": "git+https://github.com/spinalcom/spinal-env-viewer-context-menu-service.git",
            "spinal-env-viewer-graph-service": "git+https://github.com/spinalcom/Spinal-Graph-Service.git",
            "spinal-env-viewer-plugin-bimobjectservice": "git+https://github.com/spinalcom/spinal-env-viewer-plugin-bimobjectservice.git",
            "vue-color": "^2.7.0",
            "vue-virtual-scroller": "^1.0.0-rc.2"
          }
        },
        "spinal-model-graph": {
          "version": "git+https://github.com/spinalcom/spinal-model-graph.git#ad9f0ef59472003edd1ab08acf67cd4610f8f600",
          "from": "git+https://github.com/spinalcom/spinal-model-graph.git",
          "requires": {
            "spinal-core-connectorjs_type": "git+https://github.com/spinalcom/spinal-core-connectorjs_type.git"
          }
        },
        "spinal-models-bimobject": {
          "version": "git+https://github.com/spinalcom/spinal-models-bimobject.git#b9b9d4fd67cbe6acd514d21cf8e5c6aa919e1f4b",
          "from": "git+https://github.com/spinalcom/spinal-models-bimobject.git"
        },
        "spinal-models-building-elements": {
          "version": "git+https://github.com/spinalcom/spinal-models-building-elements.git#1d6edf18e07e8e6a66470dd203717a9437401bbb",
          "from": "git+https://github.com/spinalcom/spinal-models-building-elements.git",
          "requires": {
            "spinal-models-bimobject": "git+https://github.com/spinalcom/spinal-models-bimobject.git"
          }
        },
        "spinal-models-documentation": {
          "version": "git+https://github.com/spinalcom/spinal-models-cde.git#e4e4d50bd6d78e3fd4fcf0a2d7acfa8c362bfd5d",
          "from": "git+https://github.com/spinalcom/spinal-models-cde.git"
        },
        "three": {
          "version": "0.109.0",
          "resolved": "https://registry.npmjs.org/three/-/three-0.109.0.tgz",
          "integrity": "sha512-XT99T3Hvgh2CEvwPdHYEunNE+clLK6KiT1U8En7YOgIqTUw4MrLeIc8zxQAJ6wbP8hhJaY5+Cff3jwBPpBa0gA=="
        },
        "tinycolor2": {
          "version": "1.4.1",
          "resolved": "https://registry.npmjs.org/tinycolor2/-/tinycolor2-1.4.1.tgz",
          "integrity": "sha1-9PrTM0R7wLB9TcjpIJ2POaisd+g="
        },
        "typescript": {
          "version": "3.6.4",
          "resolved": "https://registry.npmjs.org/typescript/-/typescript-3.6.4.tgz",
          "integrity": "sha512-unoCll1+l+YK4i4F8f22TaNVPRHcD9PA3yCuZ8g5e0qGqlVlJ/8FSateOLLSagn+Yg5+ZwuPkL8LFUc0Jcvksg=="
        },
        "vue": {
          "version": "2.6.10",
          "resolved": "https://registry.npmjs.org/vue/-/vue-2.6.10.tgz",
          "integrity": "sha512-ImThpeNU9HbdZL3utgMCq0oiMzAkt1mcgy3/E6zWC/G6AaQoeuFdsl9nDhTDU3X1R6FK7nsIUuRACVcjI+A2GQ=="
        },
        "vue-color": {
          "version": "2.7.0",
          "resolved": "https://registry.npmjs.org/vue-color/-/vue-color-2.7.0.tgz",
          "integrity": "sha512-fak9oPRL3BsYtakTGmWIS2yNRppRYNlMgGGq78CMH34ipU8fLgi/bT9JiSPcscpdTNLGracuOFuZ8OFeml+SQQ==",
          "requires": {
            "clamp": "^1.0.1",
            "lodash.throttle": "^4.0.0",
            "material-colors": "^1.0.0",
            "tinycolor2": "^1.1.2"
          }
        },
        "vue-observe-visibility": {
          "version": "0.4.4",
          "resolved": "https://registry.npmjs.org/vue-observe-visibility/-/vue-observe-visibility-0.4.4.tgz",
          "integrity": "sha512-2eDYHgL2MJ2wkkNZnus56D0CG8m80BFLuvEcGnD7rQ9jxFogpXMsM9aM5Md+XT8AmYGYCqVfOVBaWFtVvwbpmw=="
        },
        "vue-resize": {
          "version": "0.4.5",
          "resolved": "https://registry.npmjs.org/vue-resize/-/vue-resize-0.4.5.tgz",
          "integrity": "sha512-bhP7MlgJQ8TIkZJXAfDf78uJO+mEI3CaLABLjv0WNzr4CcGRGPIAItyWYnP6LsPA4Oq0WE+suidNs6dgpO4RHg=="
        },
        "vue-virtual-scroller": {
          "version": "1.0.0-rc.2",
          "resolved": "https://registry.npmjs.org/vue-virtual-scroller/-/vue-virtual-scroller-1.0.0-rc.2.tgz",
          "integrity": "sha512-4YFx1a+QDP4f6HW/HBI/qHcmSTlh7BMH6IjEH8WC3ylt499cErl0LpvLLAx9yo3c6NtuK/XvjYXi0vvdxFB5dw==",
          "requires": {
            "scrollparent": "^2.0.1",
            "vue-observe-visibility": "^0.4.3",
            "vue-resize": "^0.4.5"
          }
        },
        "xhr2": {
          "version": "0.1.4",
          "resolved": "https://registry.npmjs.org/xhr2/-/xhr2-0.1.4.tgz",
          "integrity": "sha1-f4dliEdxbbUCYyOBL4GMras4el8="
        }
      }
    },
    "vuetify": {
      "version": "1.5.16",
      "resolved": "https://registry.npmjs.org/vuetify/-/vuetify-1.5.16.tgz",
      "integrity": "sha512-yBgOsfurKQkeS+l+rrTQZ2bFk0D9ezjHhkuVM5A/yVzcg62sY2nfYaq/H++uezBWC9WYFrp/5OmSocJQcWn9Qw=="
    },
    "xhr2": {
      "version": "0.1.4",
      "resolved": "https://registry.npmjs.org/xhr2/-/xhr2-0.1.4.tgz",
      "integrity": "sha1-f4dliEdxbbUCYyOBL4GMras4el8="
    }
  }
}
